Microsoft Visual Studio Solution File, Format Version 12.00
# Visual Studio 2012
Project("{FAE04EC0-301F-11D3-BF4B-00C04F79EFBC}") = "gardians-jam", "gardians-jam.csproj", "{20913035-AFC6-472B-8D9E-E4CACDD65698}"
EndProject
Global
	GlobalSection(SolutionConfigurationPlatforms) = preSolution
	Debug|Any CPU = Debug|Any CPU
	ExportDebug|Any CPU = ExportDebug|Any CPU
	ExportRelease|Any CPU = ExportRelease|Any CPU
	EndGlobalSection
	GlobalSection(ProjectConfigurationPlatforms) = postSolution
		{20913035-AFC6-472B-8D9E-E4CACDD65698}.Debug|Any CPU.ActiveCfg = Debug|Any CPU
		{20913035-AFC6-472B-8D9E-E4CACDD65698}.Debug|Any CPU.Build.0 = Debug|Any CPU
		{20913035-AFC6-472B-8D9E-E4CACDD65698}.ExportDebug|Any CPU.ActiveCfg = ExportDebug|Any CPU
		{20913035-AFC6-472B-8D9E-E4CACDD65698}.ExportDebug|Any CPU.Build.0 = ExportDebug|Any CPU
		{20913035-AFC6-472B-8D9E-E4CACDD65698}.ExportRelease|Any CPU.ActiveCfg = ExportRelease|Any CPU
		{20913035-AFC6-472B-8D9E-E4CACDD65698}.ExportRelease|Any CPU.Build.0 = ExportRelease|Any CPU
	EndGlobalSection
EndGlobal
